# This file is automatically @generated by Wally.
# It is not intended for manual editing.
registry = "test"

[[package]]
name = "centau/vide"
version = "0.3.1"
dependencies = []

[[package]]
name = "colto/rbxbehaviortreevisualizer"
version = "0.1.0"
dependencies = [["RbxBehaviorTree", "fangous/rbxbehaviortree@0.2.4-test"], ["Signal", "sleitnick/signal@2.0.1"], ["Timer", "sleitnick/timer@1.1.2"], ["Trove", "sleitnick/trove@1.5.0"], ["Vide", "centau/vide@0.3.1"]]

[[package]]
name = "fangous/rbxbehaviortree"
version = "0.2.4-test"
dependencies = [["Timer", "sleitnick/timer@1.1.2"], ["Trove", "sleitnick/trove@1.5.0"]]

[[package]]
name = "sleitnick/signal"
version = "1.5.0"
dependencies = []

[[package]]
name = "sleitnick/signal"
version = "2.0.1"
dependencies = []

[[package]]
name = "sleitnick/timer"
version = "1.1.2"
dependencies = [["Signal", "sleitnick/signal@1.5.0"]]

[[package]]
name = "sleitnick/trove"
version = "1.5.0"
dependencies = []
